
Microsoft Visual Studio Solution File, Format Version 12.00
# Visual Studio 15
Project("{FAE04EC0-301F-11D3-BF4B-00C04F79EFBC}") = "DependencyInjectionSample", "DependencyInjectionSample\DependencyInjectionSample.csproj", "{FE542418-312D-4857-AB96-CB079DD3CDBB}"
EndProject
Global
	GlobalSection(SolutionConfigurationPlatforms) = preSolution
		Debug|anycpu = Debug|anycpu
		Release|anycpu = Release|anycpu
	EndGlobalSection
	GlobalSection(ProjectConfigurationPlatforms) = postSolution
		{FE542418-312D-4857-AB96-CB079DD3CDBB}.Debug|anycpu.ActiveCfg = Debug|anycpu
		{FE542418-312D-4857-AB96-CB079DD3CDBB}.Debug|anycpu.Build.0 = Debug|anycpu
		{FE542418-312D-4857-AB96-CB079DD3CDBB}.Release|anycpu.ActiveCfg = Release|anycpu
		{FE542418-312D-4857-AB96-CB079DD3CDBB}.Release|anycpu.Build.0 = Release|anycpu
	EndGlobalSection
EndGlobal
